{
	"name": "rnvideo",
	"version": "0.0.1",
	"lockfileVersion": 1,
	"dependencies": {
		"keymirror": {
			"version": "0.1.1",
			"resolved": "https://registry.npmjs.org/keymirror/-/keymirror-0.1.1.tgz",
			"integrity": "sha1-kYiJ6hP40KQufFVyUO7nE63JXDU="
		},
		"react-native-video": {
			"version": "1.0.0",
			"resolved": "https://registry.npmjs.org/react-native-video/-/react-native-video-1.0.0.tgz",
			"integrity": "sha1-upK54aEUwsHzphRLBjnKP2mgzHQ="
		}
	}
}
